
Microsoft Visual Studio Solution File, Format Version 12.00
# Visual Studio 14
VisualStudioVersion = 14.0.25420.1
MinimumVisualStudioVersion = 10.0.40219.1
Project("{FAE04EC0-301F-11D3-BF4B-00C04F79EFBC}") = "Task1", "Task1.csproj", "{F14303FE-AA0D-4062-B8AA-929198017F39}"
EndProject
Project("{FAE04EC0-301F-11D3-BF4B-00C04F79EFBC}") = "Task1Tests", "..\Task1Tests\Task1Tests.csproj", "{FB944D7F-AD95-4D19-ABA0-1AC3FAD79E67}"
EndProject
Project("{FAE04EC0-301F-11D3-BF4B-00C04F79EFBC}") = "Tasks345", "Tasks345\Tasks345.csproj", "{4A1713F8-0331-4E0E-B21F-7B2298170A66}"
EndProject
Project("{FAE04EC0-301F-11D3-BF4B-00C04F79EFBC}") = "Task6", "Task6\Task6.csproj", "{FD3F427E-B4A1-4401-B603-786A33520EAC}"
EndProject
Project("{FAE04EC0-301F-11D3-BF4B-00C04F79EFBC}") = "Tasks78", "Tasks78\Tasks78.csproj", "{8ED3B309-60F2-43E9-99B3-C4A48018D7C9}"
EndProject
Global
	GlobalSection(SolutionConfigurationPlatforms) = preSolution
		Debug|Any CPU = Debug|Any CPU
		Debug|ARM = Debug|ARM
		Debug|x64 = Debug|x64
		Debug|x86 = Debug|x86
		Release|Any CPU = Release|Any CPU
		Release|ARM = Release|ARM
		Release|x64 = Release|x64
		Release|x86 = Release|x86
	EndGlobalSection
	GlobalSection(ProjectConfigurationPlatforms) = postSolution
		{F14303FE-AA0D-4062-B8AA-929198017F39}.Debug|Any CPU.ActiveCfg = Debug|Any CPU
		{F14303FE-AA0D-4062-B8AA-929198017F39}.Debug|Any CPU.Build.0 = Debug|Any CPU
		{F14303FE-AA0D-4062-B8AA-929198017F39}.Debug|ARM.ActiveCfg = Debug|Any CPU
		{F14303FE-AA0D-4062-B8AA-929198017F39}.Debug|ARM.Build.0 = Debug|Any CPU
		{F14303FE-AA0D-4062-B8AA-929198017F39}.Debug|x64.ActiveCfg = Debug|Any CPU
		{F14303FE-AA0D-4062-B8AA-929198017F39}.Debug|x64.Build.0 = Debug|Any CPU
		{F14303FE-AA0D-4062-B8AA-929198017F39}.Debug|x86.ActiveCfg = Debug|Any CPU
		{F14303FE-AA0D-4062-B8AA-929198017F39}.Debug|x86.Build.0 = Debug|Any CPU
		{F14303FE-AA0D-4062-B8AA-929198017F39}.Release|Any CPU.ActiveCfg = Release|Any CPU
		{F14303FE-AA0D-4062-B8AA-929198017F39}.Release|Any CPU.Build.0 = Release|Any CPU
		{F14303FE-AA0D-4062-B8AA-929198017F39}.Release|ARM.ActiveCfg = Release|Any CPU
		{F14303FE-AA0D-4062-B8AA-929198017F39}.Release|ARM.Build.0 = Release|Any CPU
		{F14303FE-AA0D-4062-B8AA-929198017F39}.Release|x64.ActiveCfg = Release|Any CPU
		{F14303FE-AA0D-4062-B8AA-929198017F39}.Release|x64.Build.0 = Release|Any CPU
		{F14303FE-AA0D-4062-B8AA-929198017F39}.Release|x86.ActiveCfg = Release|Any CPU
		{F14303FE-AA0D-4062-B8AA-929198017F39}.Release|x86.Build.0 = Release|Any CPU
		{FB944D7F-AD95-4D19-ABA0-1AC3FAD79E67}.Debug|Any CPU.ActiveCfg = Debug|Any CPU
		{FB944D7F-AD95-4D19-ABA0-1AC3FAD79E67}.Debug|Any CPU.Build.0 = Debug|Any CPU
		{FB944D7F-AD95-4D19-ABA0-1AC3FAD79E67}.Debug|ARM.ActiveCfg = Debug|Any CPU
		{FB944D7F-AD95-4D19-ABA0-1AC3FAD79E67}.Debug|ARM.Build.0 = Debug|Any CPU
		{FB944D7F-AD95-4D19-ABA0-1AC3FAD79E67}.Debug|x64.ActiveCfg = Debug|Any CPU
		{FB944D7F-AD95-4D19-ABA0-1AC3FAD79E67}.Debug|x64.Build.0 = Debug|Any CPU
		{FB944D7F-AD95-4D19-ABA0-1AC3FAD79E67}.Debug|x86.ActiveCfg = Debug|Any CPU
		{FB944D7F-AD95-4D19-ABA0-1AC3FAD79E67}.Debug|x86.Build.0 = Debug|Any CPU
		{FB944D7F-AD95-4D19-ABA0-1AC3FAD79E67}.Release|Any CPU.ActiveCfg = Release|Any CPU
		{FB944D7F-AD95-4D19-ABA0-1AC3FAD79E67}.Release|Any CPU.Build.0 = Release|Any CPU
		{FB944D7F-AD95-4D19-ABA0-1AC3FAD79E67}.Release|ARM.ActiveCfg = Release|Any CPU
		{FB944D7F-AD95-4D19-ABA0-1AC3FAD79E67}.Release|ARM.Build.0 = Release|Any CPU
		{FB944D7F-AD95-4D19-ABA0-1AC3FAD79E67}.Release|x64.ActiveCfg = Release|Any CPU
		{FB944D7F-AD95-4D19-ABA0-1AC3FAD79E67}.Release|x64.Build.0 = Release|Any CPU
		{FB944D7F-AD95-4D19-ABA0-1AC3FAD79E67}.Release|x86.ActiveCfg = Release|Any CPU
		{FB944D7F-AD95-4D19-ABA0-1AC3FAD79E67}.Release|x86.Build.0 = Release|Any CPU
		{4A1713F8-0331-4E0E-B21F-7B2298170A66}.Debug|Any CPU.ActiveCfg = Debug|Any CPU
		{4A1713F8-0331-4E0E-B21F-7B2298170A66}.Debug|Any CPU.Build.0 = Debug|Any CPU
		{4A1713F8-0331-4E0E-B21F-7B2298170A66}.Debug|ARM.ActiveCfg = Debug|Any CPU
		{4A1713F8-0331-4E0E-B21F-7B2298170A66}.Debug|ARM.Build.0 = Debug|Any CPU
		{4A1713F8-0331-4E0E-B21F-7B2298170A66}.Debug|x64.ActiveCfg = Debug|Any CPU
		{4A1713F8-0331-4E0E-B21F-7B2298170A66}.Debug|x64.Build.0 = Debug|Any CPU
		{4A1713F8-0331-4E0E-B21F-7B2298170A66}.Debug|x86.ActiveCfg = Debug|Any CPU
		{4A1713F8-0331-4E0E-B21F-7B2298170A66}.Debug|x86.Build.0 = Debug|Any CPU
		{4A1713F8-0331-4E0E-B21F-7B2298170A66}.Release|Any CPU.ActiveCfg = Release|Any CPU
		{4A1713F8-0331-4E0E-B21F-7B2298170A66}.Release|Any CPU.Build.0 = Release|Any CPU
		{4A1713F8-0331-4E0E-B21F-7B2298170A66}.Release|ARM.ActiveCfg = Release|Any CPU
		{4A1713F8-0331-4E0E-B21F-7B2298170A66}.Release|ARM.Build.0 = Release|Any CPU
		{4A1713F8-0331-4E0E-B21F-7B2298170A66}.Release|x64.ActiveCfg = Release|Any CPU
		{4A1713F8-0331-4E0E-B21F-7B2298170A66}.Release|x64.Build.0 = Release|Any CPU
		{4A1713F8-0331-4E0E-B21F-7B2298170A66}.Release|x86.ActiveCfg = Release|Any CPU
		{4A1713F8-0331-4E0E-B21F-7B2298170A66}.Release|x86.Build.0 = Release|Any CPU
		{FD3F427E-B4A1-4401-B603-786A33520EAC}.Debug|Any CPU.ActiveCfg = Debug|Any CPU
		{FD3F427E-B4A1-4401-B603-786A33520EAC}.Debug|Any CPU.Build.0 = Debug|Any CPU
		{FD3F427E-B4A1-4401-B603-786A33520EAC}.Debug|ARM.ActiveCfg = Debug|Any CPU
		{FD3F427E-B4A1-4401-B603-786A33520EAC}.Debug|ARM.Build.0 = Debug|Any CPU
		{FD3F427E-B4A1-4401-B603-786A33520EAC}.Debug|x64.ActiveCfg = Debug|Any CPU
		{FD3F427E-B4A1-4401-B603-786A33520EAC}.Debug|x64.Build.0 = Debug|Any CPU
		{FD3F427E-B4A1-4401-B603-786A33520EAC}.Debug|x86.ActiveCfg = Debug|Any CPU
		{FD3F427E-B4A1-4401-B603-786A33520EAC}.Debug|x86.Build.0 = Debug|Any CPU
		{FD3F427E-B4A1-4401-B603-786A33520EAC}.Release|Any CPU.ActiveCfg = Release|Any CPU
		{FD3F427E-B4A1-4401-B603-786A33520EAC}.Release|Any CPU.Build.0 = Release|Any CPU
		{FD3F427E-B4A1-4401-B603-786A33520EAC}.Release|ARM.ActiveCfg = Release|Any CPU
		{FD3F427E-B4A1-4401-B603-786A33520EAC}.Release|ARM.Build.0 = Release|Any CPU
		{FD3F427E-B4A1-4401-B603-786A33520EAC}.Release|x64.ActiveCfg = Release|Any CPU
		{FD3F427E-B4A1-4401-B603-786A33520EAC}.Release|x64.Build.0 = Release|Any CPU
		{FD3F427E-B4A1-4401-B603-786A33520EAC}.Release|x86.ActiveCfg = Release|Any CPU
		{FD3F427E-B4A1-4401-B603-786A33520EAC}.Release|x86.Build.0 = Release|Any CPU
		{8ED3B309-60F2-43E9-99B3-C4A48018D7C9}.Debug|Any CPU.ActiveCfg = Debug|Any CPU
		{8ED3B309-60F2-43E9-99B3-C4A48018D7C9}.Debug|Any CPU.Build.0 = Debug|Any CPU
		{8ED3B309-60F2-43E9-99B3-C4A48018D7C9}.Debug|ARM.ActiveCfg = Debug|Any CPU
		{8ED3B309-60F2-43E9-99B3-C4A48018D7C9}.Debug|ARM.Build.0 = Debug|Any CPU
		{8ED3B309-60F2-43E9-99B3-C4A48018D7C9}.Debug|x64.ActiveCfg = Debug|Any CPU
		{8ED3B309-60F2-43E9-99B3-C4A48018D7C9}.Debug|x64.Build.0 = Debug|Any CPU
		{8ED3B309-60F2-43E9-99B3-C4A48018D7C9}.Debug|x86.ActiveCfg = Debug|Any CPU
		{8ED3B309-60F2-43E9-99B3-C4A48018D7C9}.Debug|x86.Build.0 = Debug|Any CPU
		{8ED3B309-60F2-43E9-99B3-C4A48018D7C9}.Release|Any CPU.ActiveCfg = Release|Any CPU
		{8ED3B309-60F2-43E9-99B3-C4A48018D7C9}.Release|Any CPU.Build.0 = Release|Any CPU
		{8ED3B309-60F2-43E9-99B3-C4A48018D7C9}.Release|ARM.ActiveCfg = Release|Any CPU
		{8ED3B309-60F2-43E9-99B3-C4A48018D7C9}.Release|ARM.Build.0 = Release|Any CPU
		{8ED3B309-60F2-43E9-99B3-C4A48018D7C9}.Release|x64.ActiveCfg = Release|Any CPU
		{8ED3B309-60F2-43E9-99B3-C4A48018D7C9}.Release|x64.Build.0 = Release|Any CPU
		{8ED3B309-60F2-43E9-99B3-C4A48018D7C9}.Release|x86.ActiveCfg = Release|Any CPU
		{8ED3B309-60F2-43E9-99B3-C4A48018D7C9}.Release|x86.Build.0 = Release|Any CPU
	EndGlobalSection
	GlobalSection(SolutionProperties) = preSolution
		HideSolutionNode = FALSE
	EndGlobalSection
EndGlobal
